
Microsoft Visual Studio Solution File, Format Version 12.00
# Visual Studio Version 17
VisualStudioVersion = 17.13.35806.99
MinimumVisualStudioVersion = 10.0.40219.1
Project("{8BC9CEB8-8B4A-11D0-8D11-00A0C91BC942}") = "DX11Study", "DX11Study.vcxproj", "{4D179535-DFAF-45E1-AB21-3210576BEAAF}"
EndProject
Project("{8BC9CEB8-8B4A-11D0-8D11-00A0C91BC942}") = "DirectXTK_Desktop_2022_Win10", "..\DirectXTK\DirectXTK_Desktop_2022_Win10.vcxproj", "{E0B52AE7-E160-4D32-BF3F-910B785E5A8E}"
EndProject
Global
	GlobalSection(SolutionConfigurationPlatforms) = preSolution
		Debug|x64 = Debug|x64
		Release|x64 = Release|x64
	EndGlobalSection
	GlobalSection(ProjectConfigurationPlatforms) = postSolution
		{4D179535-DFAF-45E1-AB21-3210576BEAAF}.Debug|x64.ActiveCfg = Debug|x64
		{4D179535-DFAF-45E1-AB21-3210576BEAAF}.Debug|x64.Build.0 = Debug|x64
		{4D179535-DFAF-45E1-AB21-3210576BEAAF}.Release|x64.ActiveCfg = Release|x64
		{4D179535-DFAF-45E1-AB21-3210576BEAAF}.Release|x64.Build.0 = Release|x64
		{E0B52AE7-E160-4D32-BF3F-910B785E5A8E}.Debug|x64.ActiveCfg = Debug|x64
		{E0B52AE7-E160-4D32-BF3F-910B785E5A8E}.Debug|x64.Build.0 = Debug|x64
		{E0B52AE7-E160-4D32-BF3F-910B785E5A8E}.Release|x64.ActiveCfg = Release|x64
		{E0B52AE7-E160-4D32-BF3F-910B785E5A8E}.Release|x64.Build.0 = Release|x64
	EndGlobalSection
	GlobalSection(SolutionProperties) = preSolution
		HideSolutionNode = FALSE
	EndGlobalSection
	GlobalSection(ExtensibilityGlobals) = postSolution
		SolutionGuid = {40708AAF-ACAB-4306-A7D1-937E936B295E}
	EndGlobalSection
EndGlobal
